// !$*UTF8*$!
{
	archiveVersion = 1;
	classes = {
	};
	objectVersion = 46;
	objects = {

/* Begin PBXBuildFile section */
		2ADD5B7F1D333F21001E1D8D /* AppDelegate.swift in Sources */ = {isa = PBXBuildFile; fileRef = 2ADD5B7E1D333F21001E1D8D /* AppDelegate.swift */; };
		2ADD5B811D333F21001E1D8D /* ViewController.swift in Sources */ = {isa = PBXBuildFile; fileRef = 2ADD5B801D333F21001E1D8D /* ViewController.swift */; };
		2ADD5B841D333F21001E1D8D /* Main.storyboard in Resources */ = {isa = PBXBuildFile; fileRef = 2ADD5B821D333F21001E1D8D /* Main.storyboard */; };
		2ADD5B861D333F21001E1D8D /* Assets.xcassets in Resources */ = {isa = PBXBuildFile; fileRef = 2ADD5B851D333F21001E1D8D /* Assets.xcassets */; };
		2ADD5B891D333F21001E1D8D /* LaunchScreen.storyboard in Resources */ = {isa = PBXBuildFile; fileRef = 2ADD5B871D333F21001E1D8D /* LaunchScreen.storyboard */; };
		2ADD5B941D333F21001E1D8D /* Learning1_RecipesAppTests.swift in Sources */ = {isa = PBXBuildFile; fileRef = 2ADD5B931D333F21001E1D8D /* Learning1_RecipesAppTests.swift */; };
		2ADD5B9F1D333F21001E1D8D /* Learning1_RecipesAppUITests.swift in Sources */ = {isa = PBXBuildFile; fileRef = 2ADD5B9E1D333F21001E1D8D /* Learning1_RecipesAppUITests.swift */; };
/* End PBXBuildFile section */

/* Begin PBXContainerItemProxy section */
		2ADD5B901D333F21001E1D8D /* PBXContainerItemProxy */ = {
			isa = PBXContainerItemProxy;
			containerPortal = 2ADD5B731D333F21001E1D8D /* Project object */;
			proxyType = 1;
			remoteGlobalIDString = 2ADD5B7A1D333F21001E1D8D;
			remoteInfo = Learning1_RecipesApp;
		};
		2ADD5B9B1D333F21001E1D8D /* PBXContainerItemProxy */ = {
			isa = PBXContainerItemProxy;
			containerPortal = 2ADD5B731D333F21001E1D8D /* Project object */;
			proxyType = 1;
			remoteGlobalIDString = 2ADD5B7A1D333F21001E1D8D;
			remoteInfo = Learning1_RecipesApp;
		};
/* End PBXContainerItemProxy section */

/* Begin PBXFileReference section */
		2ADD5B7B1D333F21001E1D8D /* Learning1_RecipesApp.app */ = {isa = PBXFileReference; explicitFileType = wrapper.application; includeInIndex = 0; path = Learning1_RecipesApp.app; sourceTree = BUILT_PRODUCTS_DIR; };
		2ADD5B7E1D333F21001E1D8D /* AppDelegate.swift */ = {isa = PBXFileReference; lastKnownFileType = sourcecode.swift; path = AppDelegate.swift; sourceTree = "<group>"; };
		2ADD5B801D333F21001E1D8D /* ViewController.swift */ = {isa = PBXFileReference; lastKnownFileType = sourcecode.swift; path = ViewController.swift; sourceTree = "<group>"; };
		2ADD5B831D333F21001E1D8D /* Base */ = {isa = PBXFileReference; lastKnownFileType = file.storyboard; name = Base; path = Base.lproj/Main.storyboard; sourceTree = "<group>"; };
		2ADD5B851D333F21001E1D8D /* Assets.xcassets */ = {isa = PBXFileReference; lastKnownFileType = folder.assetcatalog; path = Assets.xcassets; sourceTree = "<group>"; };
		2ADD5B881D333F21001E1D8D /* Base */ = {isa = PBXFileReference; lastKnownFileType = file.storyboard; name = Base; path = Base.lproj/LaunchScreen.storyboard; sourceTree = "<group>"; };
		2ADD5B8A1D333F21001E1D8D /* Info.plist */ = {isa = PBXFileReference; lastKnownFileType = text.plist.xml; path = Info.plist; sourceTree = "<group>"; };
		2ADD5B8F1D333F21001E1D8D /* Learning1_RecipesAppTests.xctest */ = {isa = PBXFileReference; explicitFileType = wrapper.cfbundle; includeInIndex = 0; path = Learning1_RecipesAppTests.xctest; sourceTree = BUILT_PRODUCTS_DIR; };
		2ADD5B931D333F21001E1D8D /* Learning1_RecipesAppTests.swift */ = {isa = PBXFileReference; lastKnownFileType = sourcecode.swift; path = Learning1_RecipesAppTests.swift; sourceTree = "<group>"; };
		2ADD5B951D333F21001E1D8D /* Info.plist */ = {isa = PBXFileReference; lastKnownFileType = text.plist.xml; path = Info.plist; sourceTree = "<group>"; };
		2ADD5B9A1D333F21001E1D8D /* Learning1_RecipesAppUITests.xctest */ = {isa = PBXFileReference; explicitFileType = wrapper.cfbundle; includeInIndex = 0; path = Learning1_RecipesAppUITests.xctest; sourceTree = BUILT_PRODUCTS_DIR; };
		2ADD5B9E1D333F21001E1D8D /* Learning1_RecipesAppUITests.swift */ = {isa = PBXFileReference; lastKnownFileType = sourcecode.swift; path = Learning1_RecipesAppUITests.swift; sourceTree = "<group>"; };
		2ADD5BA01D333F21001E1D8D /* Info.plist */ = {isa = PBXFileReference; lastKnownFileType = text.plist.xml; path = Info.plist; sourceTree = "<group>"; };
/* End PBXFileReference section */

/* Begin PBXFrameworksBuildPhase section */
		2ADD5B781D333F21001E1D8D /* Frameworks */ = {
			isa = PBXFrameworksBuildPhase;
			buildActionMask = 2147483647;
			files = (
			);
			runOnlyForDeploymentPostprocessing = 0;
		};
		2ADD5B8C1D333F21001E1D8D /* Frameworks */ = {
			isa = PBXFrameworksBuildPhase;
			buildActionMask = 2147483647;
			files = (
			);
			runOnlyForDeploymentPostprocessing = 0;
		};
		2ADD5B971D333F21001E1D8D /* Frameworks */ = {
			isa = PBXFrameworksBuildPhase;
			buildActionMask = 2147483647;
			files = (
			);
			runOnlyForDeploymentPostprocessing = 0;
		};
/* End PBXFrameworksBuildPhase section */

/* Begin PBXGroup section */
		2ADD5B721D333F21001E1D8D = {
			isa = PBXGroup;
			children = (
				2ADD5B7D1D333F21001E1D8D /* Learning1_RecipesApp */,
				2ADD5B921D333F21001E1D8D /* Learning1_RecipesAppTests */,
				2ADD5B9D1D333F21001E1D8D /* Learning1_RecipesAppUITests */,
				2ADD5B7C1D333F21001E1D8D /* Products */,
			);
			sourceTree = "<group>";
		};
		2ADD5B7C1D333F21001E1D8D /* Products */ = {
			isa = PBXGroup;
			children = (
				2ADD5B7B1D333F21001E1D8D /* Learning1_RecipesApp.app */,
				2ADD5B8F1D333F21001E1D8D /* Learning1_RecipesAppTests.xctest */,
				2ADD5B9A1D333F21001E1D8D /* Learning1_RecipesAppUITests.xctest */,
			);
			name = Products;
			sourceTree = "<group>";
		};
		2ADD5B7D1D333F21001E1D8D /* Learning1_RecipesApp */ = {
			isa = PBXGroup;
			children = (
				2ADD5B7E1D333F21001E1D8D /* AppDelegate.swift */,
				2ADD5B801D333F21001E1D8D /* ViewController.swift */,
				2ADD5B821D333F21001E1D8D /* Main.storyboard */,
				2ADD5B851D333F21001E1D8D /* Assets.xcassets */,
				2ADD5B871D333F21001E1D8D /* LaunchScreen.storyboard */,
				2ADD5B8A1D333F21001E1D8D /* Info.plist */,
			);
			path = Learning1_RecipesApp;
			sourceTree = "<group>";
		};
		2ADD5B921D333F21001E1D8D /* Learning1_RecipesAppTests */ = {
			isa = PBXGroup;
			children = (
				2ADD5B931D333F21001E1D8D /* Learning1_RecipesAppTests.swift */,
				2ADD5B951D333F21001E1D8D /* Info.plist */,
			);
			path = Learning1_RecipesAppTests;
			sourceTree = "<group>";
		};
		2ADD5B9D1D333F21001E1D8D /* Learning1_RecipesAppUITests */ = {
			isa = PBXGroup;
			children = (
				2ADD5B9E1D333F21001E1D8D /* Learning1_RecipesAppUITests.swift */,
				2ADD5BA01D333F21001E1D8D /* Info.plist */,
			);
			path = Learning1_RecipesAppUITests;
			sourceTree = "<group>";
		};
/* End PBXGroup section */

/* Begin PBXNativeTarget section */
		2ADD5B7A1D333F21001E1D8D /* Learning1_RecipesApp */ = {
			isa = PBXNativeTarget;
			buildConfigurationList = 2ADD5BA31D333F21001E1D8D /* Build configuration list for PBXNativeTarget "Learning1_RecipesApp" */;
			buildPhases = (
				2ADD5B771D333F21001E1D8D /* Sources */,
				2ADD5B781D333F21001E1D8D /* Frameworks */,
				2ADD5B791D333F21001E1D8D /* Resources */,
			);
			buildRules = (
			);
			dependencies = (
			);
			name = Learning1_RecipesApp;
			productName = Learning1_RecipesApp;
			productReference = 2ADD5B7B1D333F21001E1D8D /* Learning1_RecipesApp.app */;
			productType = "com.apple.product-type.application";
		};
		2ADD5B8E1D333F21001E1D8D /* Learning1_RecipesAppTests */ = {
			isa = PBXNativeTarget;
			buildConfigurationList = 2ADD5BA61D333F21001E1D8D /* Build configuration list for PBXNativeTarget "Learning1_RecipesAppTests" */;
			buildPhases = (
				2ADD5B8B1D333F21001E1D8D /* Sources */,
				2ADD5B8C1D333F21001E1D8D /* Frameworks */,
				2ADD5B8D1D333F21001E1D8D /* Resources */,
			);
			buildRules = (
			);
			dependencies = (
				2ADD5B911D333F21001E1D8D /* PBXTargetDependency */,
			);
			name = Learning1_RecipesAppTests;
			productName = Learning1_RecipesAppTests;
			productReference = 2ADD5B8F1D333F21001E1D8D /* Learning1_RecipesAppTests.xctest */;
			productType = "com.apple.product-type.bundle.unit-test";
		};
		2ADD5B991D333F21001E1D8D /* Learning1_RecipesAppUITests */ = {
			isa = PBXNativeTarget;
			buildConfigurationList = 2ADD5BA91D333F21001E1D8D /* Build configuration list for PBXNativeTarget "Learning1_RecipesAppUITests" */;
			buildPhases = (
				2ADD5B961D333F21001E1D8D /* Sources */,
				2ADD5B971D333F21001E1D8D /* Frameworks */,
				2ADD5B981D333F21001E1D8D /* Resources */,
			);
			buildRules = (
			);
			dependencies = (
				2ADD5B9C1D333F21001E1D8D /* PBXTargetDependency */,
			);
			name = Learning1_RecipesAppUITests;
			productName = Learning1_RecipesAppUITests;
			productReference = 2ADD5B9A1D333F21001E1D8D /* Learning1_RecipesAppUITests.xctest */;
			productType = "com.apple.product-type.bundle.ui-testing";
		};
/* End PBXNativeTarget section */

/* Begin PBXProject section */
		2ADD5B731D333F21001E1D8D /* Project object */ = {
			isa = PBXProject;
			attributes = {
				LastSwiftUpdateCheck = 0730;
				LastUpgradeCheck = 0730;
				ORGANIZATIONNAME = ibrahim;
				TargetAttributes = {
					2ADD5B7A1D333F21001E1D8D = {
						CreatedOnToolsVersion = 7.3.1;
					};
					2ADD5B8E1D333F21001E1D8D = {
						CreatedOnToolsVersion = 7.3.1;
						TestTargetID = 2ADD5B7A1D333F21001E1D8D;
					};
					2ADD5B991D333F21001E1D8D = {
						CreatedOnToolsVersion = 7.3.1;
						TestTargetID = 2ADD5B7A1D333F21001E1D8D;
					};
				};
			};
			buildConfigurationList = 2ADD5B761D333F21001E1D8D /* Build configuration list for PBXProject "Learning1_RecipesApp" */;
			compatibilityVersion = "Xcode 3.2";
			developmentRegion = English;
			hasScannedForEncodings = 0;
			knownRegions = (
				en,
				Base,
			);
			mainGroup = 2ADD5B721D333F21001E1D8D;
			productRefGroup = 2ADD5B7C1D333F21001E1D8D /* Products */;
			projectDirPath = "";
			projectRoot = "";
			targets = (
				2ADD5B7A1D333F21001E1D8D /* Learning1_RecipesApp */,
				2ADD5B8E1D333F21001E1D8D /* Learning1_RecipesAppTests */,
				2ADD5B991D333F21001E1D8D /* Learning1_RecipesAppUITests */,
			);
		};
/* End PBXProject section */

/* Begin PBXResourcesBuildPhase section */
		2ADD5B791D333F21001E1D8D /* Resources */ = {
			isa = PBXResourcesBuildPhase;
			buildActionMask = 2147483647;
			files = (
				2ADD5B891D333F21001E1D8D /* LaunchScreen.storyboard in Resources */,
				2ADD5B861D333F21001E1D8D /* Assets.xcassets in Resources */,
				2ADD5B841D333F21001E1D8D /* Main.storyboard in Resources */,
			);
			runOnlyForDeploymentPostprocessing = 0;
		};
		2ADD5B8D1D333F21001E1D8D /* Resources */ = {
			isa = PBXResourcesBuildPhase;
			buildActionMask = 2147483647;
			files = (
			);
			runOnlyForDeploymentPostprocessing = 0;
		};
		2ADD5B981D333F21001E1D8D /* Resources */ = {
			isa = PBXResourcesBuildPhase;
			buildActionMask = 2147483647;
			files = (
			);
			runOnlyForDeploymentPostprocessing = 0;
		};
/* End PBXResourcesBuildPhase section */

/* Begin PBXSourcesBuildPhase section */
		2ADD5B771D333F21001E1D8D /* Sources */ = {
			isa = PBXSourcesBuildPhase;
			buildActionMask = 2147483647;
			files = (
				2ADD5B811D333F21001E1D8D /* ViewController.swift in Sources */,
				2ADD5B7F1D333F21001E1D8D /* AppDelegate.swift in Sources */,
			);
			runOnlyForDeploymentPostprocessing = 0;
		};
		2ADD5B8B1D333F21001E1D8D /* Sources */ = {
			isa = PBXSourcesBuildPhase;
			buildActionMask = 2147483647;
			files = (
				2ADD5B941D333F21001E1D8D /* Learning1_RecipesAppTests.swift in Sources */,
			);
			runOnlyForDeploymentPostprocessing = 0;
		};
		2ADD5B961D333F21001E1D8D /* Sources */ = {
			isa = PBXSourcesBuildPhase;
			buildActionMask = 2147483647;
			files = (
				2ADD5B9F1D333F21001E1D8D /* Learning1_RecipesAppUITests.swift in Sources */,
			);
			runOnlyForDeploymentPostprocessing = 0;
		};
/* End PBXSourcesBuildPhase section */

/* Begin PBXTargetDependency section */
		2ADD5B911D333F21001E1D8D /* PBXTargetDependency */ = {
			isa = PBXTargetDependency;
			target = 2ADD5B7A1D333F21001E1D8D /* Learning1_RecipesApp */;
			targetProxy = 2ADD5B901D333F21001E1D8D /* PBXContainerItemProxy */;
		};
		2ADD5B9C1D333F21001E1D8D /* PBXTargetDependency */ = {
			isa = PBXTargetDependency;
			target = 2ADD5B7A1D333F21001E1D8D /* Learning1_RecipesApp */;
			targetProxy = 2ADD5B9B1D333F21001E1D8D /* PBXContainerItemProxy */;
		};
/* End PBXTargetDependency section */

/* Begin PBXVariantGroup section */
		2ADD5B821D333F21001E1D8D /* Main.storyboard */ = {
			isa = PBXVariantGroup;
			children = (
				2ADD5B831D333F21001E1D8D /* Base */,
			);
			name = Main.storyboard;
			sourceTree = "<group>";
		};
		2ADD5B871D333F21001E1D8D /* LaunchScreen.storyboard */ = {
			isa = PBXVariantGroup;
			children = (
				2ADD5B881D333F21001E1D8D /* Base */,
			);
			name = LaunchScreen.storyboard;
			sourceTree = "<group>";
		};
/* End PBXVariantGroup section */

/* Begin XCBuildConfiguration section */
		2ADD5BA11D333F21001E1D8D /* Debug */ = {
			isa = XCBuildConfiguration;
			buildSettings = {
				ALWAYS_SEARCH_USER_PATHS = NO;
				CLANG_ANALYZER_NONNULL = YES;
				CLANG_CXX_LANGUAGE_STANDARD = "gnu++0x";
				CLANG_CXX_LIBRARY = "libc++";
				CLANG_ENABLE_MODULES = YES;
				CLANG_ENABLE_OBJC_ARC = YES;
				CLANG_WARN_BOOL_CONVERSION = YES;
				CLANG_WARN_CONSTANT_CONVERSION = YES;
				CLANG_WARN_DIRECT_OBJC_ISA_USAGE = YES_ERROR;
				CLANG_WARN_EMPTY_BODY = YES;
				CLANG_WARN_ENUM_CONVERSION = YES;
				CLANG_WARN_INT_CONVERSION = YES;
				CLANG_WARN_OBJC_ROOT_CLASS = YES_ERROR;
				CLANG_WARN_UNREACHABLE_CODE = YES;
				CLANG_WARN__DUPLICATE_METHOD_MATCH = YES;
				"CODE_SIGN_IDENTITY[sdk=iphoneos*]" = "iPhone Developer";
				COPY_PHASE_STRIP = NO;
				DEBUG_INFORMATION_FORMAT = dwarf;
				ENABLE_STRICT_OBJC_MSGSEND = YES;
				ENABLE_TESTABILITY = YES;
				GCC_C_LANGUAGE_STANDARD = gnu99;
				GCC_DYNAMIC_NO_PIC = NO;
				GCC_NO_COMMON_BLOCKS = YES;
				GCC_OPTIMIZATION_LEVEL = 0;
				GCC_PREPROCESSOR_DEFINITIONS = (
					"DEBUG=1",
					"$(inherited)",
				);
				GCC_WARN_64_TO_32_BIT_CONVERSION = YES;
				GCC_WARN_ABOUT_RETURN_TYPE = YES_ERROR;
				GCC_WARN_UNDECLARED_SELECTOR = YES;
				GCC_WARN_UNINITIALIZED_AUTOS = YES_AGGRESSIVE;
				GCC_WARN_UNUSED_FUNCTION = YES;
				GCC_WARN_UNUSED_VARIABLE = YES;
				IPHONEOS_DEPLOYMENT_TARGET = 9.3;
				MTL_ENABLE_DEBUG_INFO = YES;
				ONLY_ACTIVE_ARCH = YES;
				SDKROOT = iphoneos;
				SWIFT_OPTIMIZATION_LEVEL = "-Onone";
				TARGETED_DEVICE_FAMILY = "1,2";
			};
			name = Debug;
		};
		2ADD5BA21D333F21001E1D8D /* Release */ = {
			isa = XCBuildConfiguration;
			buildSettings = {
				ALWAYS_SEARCH_USER_PATHS = NO;
				CLANG_ANALYZER_NONNULL = YES;
				CLANG_CXX_LANGUAGE_STANDARD = "gnu++0x";
				CLANG_CXX_LIBRARY = "libc++";
				CLANG_ENABLE_MODULES = YES;
				CLANG_ENABLE_OBJC_ARC = YES;
				CLANG_WARN_BOOL_CONVERSION = YES;
				CLANG_WARN_CONSTANT_CONVERSION = YES;
				CLANG_WARN_DIRECT_OBJC_ISA_USAGE = YES_ERROR;
				CLANG_WARN_EMPTY_BODY = YES;
				CLANG_WARN_ENUM_CONVERSION = YES;
				CLANG_WARN_INT_CONVERSION = YES;
				CLANG_WARN_OBJC_ROOT_CLASS = YES_ERROR;
				CLANG_WARN_UNREACHABLE_CODE = YES;
				CLANG_WARN__DUPLICATE_METHOD_MATCH = YES;
				"CODE_SIGN_IDENTITY[sdk=iphoneos*]" = "iPhone Developer";
				COPY_PHASE_STRIP = NO;
				DEBUG_INFORMATION_FORMAT = "dwarf-with-dsym";
				ENABLE_NS_ASSERTIONS = NO;
				ENABLE_STRICT_OBJC_MSGSEND = YES;
				GCC_C_LANGUAGE_STANDARD = gnu99;
				GCC_NO_COMMON_BLOCKS = YES;
				GCC_WARN_64_TO_32_BIT_CONVERSION = YES;
				GCC_WARN_ABOUT_RETURN_TYPE = YES_ERROR;
				GCC_WARN_UNDECLARED_SELECTOR = YES;
				GCC_WARN_UNINITIALIZED_AUTOS = YES_AGGRESSIVE;
				GCC_WARN_UNUSED_FUNCTION = YES;
				GCC_WARN_UNUSED_VARIABLE = YES;
				IPHONEOS_DEPLOYMENT_TARGET = 9.3;
				MTL_ENABLE_DEBUG_INFO = NO;
				SDKROOT = iphoneos;
				TARGETED_DEVICE_FAMILY = "1,2";
				VALIDATE_PRODUCT = YES;
			};
			name = Release;
		};
		2ADD5BA41D333F21001E1D8D /* Debug */ = {
			isa = XCBuildConfiguration;
			buildSettings = {
				ASSETCATALOG_COMPILER_APPICON_NAME = AppIcon;
				INFOPLIST_FILE = Learning1_RecipesApp/Info.plist;
				LD_RUNPATH_SEARCH_PATHS = "$(inherited) @executable_path/Frameworks";
				PRODUCT_BUNDLE_IDENTIFIER = "ibrahim.Learning1-RecipesApp";
				PRODUCT_NAME = "$(TARGET_NAME)";
			};
			name = Debug;
		};
		2ADD5BA51D333F21001E1D8D /* Release */ = {
			isa = XCBuildConfiguration;
			buildSettings = {
				ASSETCATALOG_COMPILER_APPICON_NAME = AppIcon;
				INFOPLIST_FILE = Learning1_RecipesApp/Info.plist;
				LD_RUNPATH_SEARCH_PATHS = "$(inherited) @executable_path/Frameworks";
				PRODUCT_BUNDLE_IDENTIFIER = "ibrahim.Learning1-RecipesApp";
				PRODUCT_NAME = "$(TARGET_NAME)";
			};
			name = Release;
		};
		2ADD5BA71D333F21001E1D8D /* Debug */ = {
			isa = XCBuildConfiguration;
			buildSettings = {
				BUNDLE_LOADER = "$(TEST_HOST)";
				INFOPLIST_FILE = Learning1_RecipesAppTests/Info.plist;
				LD_RUNPATH_SEARCH_PATHS = "$(inherited) @executable_path/Frameworks @loader_path/Frameworks";
				PRODUCT_BUNDLE_IDENTIFIER = "ibrahim.Learning1-RecipesAppTests";
				PRODUCT_NAME = "$(TARGET_NAME)";
				TEST_HOST = "$(BUILT_PRODUCTS_DIR)/Learning1_RecipesApp.app/Learning1_RecipesApp";
			};
			name = Debug;
		};
		2ADD5BA81D333F21001E1D8D /* Release */ = {
			isa = XCBuildConfiguration;
			buildSettings = {
				BUNDLE_LOADER = "$(TEST_HOST)";
				INFOPLIST_FILE = Learning1_RecipesAppTests/Info.plist;
				LD_RUNPATH_SEARCH_PATHS = "$(inherited) @executable_path/Frameworks @loader_path/Frameworks";
				PRODUCT_BUNDLE_IDENTIFIER = "ibrahim.Learning1-RecipesAppTests";
				PRODUCT_NAME = "$(TARGET_NAME)";
				TEST_HOST = "$(BUILT_PRODUCTS_DIR)/Learning1_RecipesApp.app/Learning1_RecipesApp";
			};
			name = Release;
		};
		2ADD5BAA1D333F21001E1D8D /* Debug */ = {
			isa = XCBuildConfiguration;
			buildSettings = {
				INFOPLIST_FILE = Learning1_RecipesAppUITests/Info.plist;
				LD_RUNPATH_SEARCH_PATHS = "$(inherited) @executable_path/Frameworks @loader_path/Frameworks";
				PRODUCT_BUNDLE_IDENTIFIER = "ibrahim.Learning1-RecipesAppUITests";
				PRODUCT_NAME = "$(TARGET_NAME)";
				TEST_TARGET_NAME = Learning1_RecipesApp;
			};
			name = Debug;
		};
		2ADD5BAB1D333F21001E1D8D /* Release */ = {
			isa = XCBuildConfiguration;
			buildSettings = {
				INFOPLIST_FILE = Learning1_RecipesAppUITests/Info.plist;
				LD_RUNPATH_SEARCH_PATHS = "$(inherited) @executable_path/Frameworks @loader_path/Frameworks";
				PRODUCT_BUNDLE_IDENTIFIER = "ibrahim.Learning1-RecipesAppUITests";
				PRODUCT_NAME = "$(TARGET_NAME)";
				TEST_TARGET_NAME = Learning1_RecipesApp;
			};
			name = Release;
		};
/* End XCBuildConfiguration section */

/* Begin XCConfigurationList section */
		2ADD5B761D333F21001E1D8D /* Build configuration list for PBXProject "Learning1_RecipesApp" */ = {
			isa = XCConfigurationList;
			buildConfigurations = (
				2ADD5BA11D333F21001E1D8D /* Debug */,
				2ADD5BA21D333F21001E1D8D /* Release */,
			);
			defaultConfigurationIsVisible = 0;
			defaultConfigurationName = Release;
		};
		2ADD5BA31D333F21001E1D8D /* Build configuration list for PBXNativeTarget "Learning1_RecipesApp" */ = {
			isa = XCConfigurationList;
			buildConfigurations = (
				2ADD5BA41D333F21001E1D8D /* Debug */,
				2ADD5BA51D333F21001E1D8D /* Release */,
			);
			defaultConfigurationIsVisible = 0;
		};
		2ADD5BA61D333F21001E1D8D /* Build configuration list for PBXNativeTarget "Learning1_RecipesAppTests" */ = {
			isa = XCConfigurationList;
			buildConfigurations = (
				2ADD5BA71D333F21001E1D8D /* Debug */,
				2ADD5BA81D333F21001E1D8D /* Release */,
			);
			defaultConfigurationIsVisible = 0;
		};
		2ADD5BA91D333F21001E1D8D /* Build configuration list for PBXNativeTarget "Learning1_RecipesAppUITests" */ = {
			isa = XCConfigurationList;
			buildConfigurations = (
				2ADD5BAA1D333F21001E1D8D /* Debug */,
				2ADD5BAB1D333F21001E1D8D /* Release */,
			);
			defaultConfigurationIsVisible = 0;
		};
/* End XCConfigurationList section */
	};
	rootObject = 2ADD5B731D333F21001E1D8D /* Project object */;
}
